
Microsoft Visual Studio Solution File, Format Version 12.00
# Visual Studio Version 17
VisualStudioVersion = 17.10.35004.147
MinimumVisualStudioVersion = 10.0.40219.1
Project("{FAE04EC0-301F-11D3-BF4B-00C04F79EFBC}") = "Lecture02MiddlewareRunVsUse", "Lecture02MiddlewareRunVsUse\Lecture02MiddlewareRunVsUse.csproj", "{83E4C569-6E6B-4A40-8218-B16D4CA38DF6}"
EndProject
Global
	GlobalSection(SolutionConfigurationPlatforms) = preSolution
		Debug|Any CPU = Debug|Any CPU
		Release|Any CPU = Release|Any CPU
	EndGlobalSection
	GlobalSection(ProjectConfigurationPlatforms) = postSolution
		{83E4C569-6E6B-4A40-8218-B16D4CA38DF6}.Debug|Any CPU.ActiveCfg = Debug|Any CPU
		{83E4C569-6E6B-4A40-8218-B16D4CA38DF6}.Debug|Any CPU.Build.0 = Debug|Any CPU
		{83E4C569-6E6B-4A40-8218-B16D4CA38DF6}.Release|Any CPU.ActiveCfg = Release|Any CPU
		{83E4C569-6E6B-4A40-8218-B16D4CA38DF6}.Release|Any CPU.Build.0 = Release|Any CPU
	EndGlobalSection
	GlobalSection(SolutionProperties) = preSolution
		HideSolutionNode = FALSE
	EndGlobalSection
	GlobalSection(ExtensibilityGlobals) = postSolution
		SolutionGuid = {6499A8AA-CAB2-4A1E-B8A8-C0333E6EE6CB}
	EndGlobalSection
EndGlobal
